
Microsoft Visual Studio Solution File, Format Version 12.00
# Visual Studio 15
VisualStudioVersion = 15.0.27130.2020
MinimumVisualStudioVersion = 10.0.40219.1
Project("{FAE04EC0-301F-11D3-BF4B-00C04F79EFBC}") = "Encoder", "Encoder\Encoder.csproj", "{A20564CC-E978-45D0-BF99-4EA329CD1A94}"
EndProject
Project("{FAE04EC0-301F-11D3-BF4B-00C04F79EFBC}") = "Encoder.Test", "UnitTestProject1\Encoder.Test.csproj", "{155A76FB-CDDA-4B0D-9A46-AFABE6C5E05F}"
EndProject
Global
	GlobalSection(SolutionConfigurationPlatforms) = preSolution
		Debug|Any CPU = Debug|Any CPU
		Release|Any CPU = Release|Any CPU
	EndGlobalSection
	GlobalSection(ProjectConfigurationPlatforms) = postSolution
		{A20564CC-E978-45D0-BF99-4EA329CD1A94}.Debug|Any CPU.ActiveCfg = Debug|Any CPU
		{A20564CC-E978-45D0-BF99-4EA329CD1A94}.Debug|Any CPU.Build.0 = Debug|Any CPU
		{A20564CC-E978-45D0-BF99-4EA329CD1A94}.Release|Any CPU.ActiveCfg = Release|Any CPU
		{A20564CC-E978-45D0-BF99-4EA329CD1A94}.Release|Any CPU.Build.0 = Release|Any CPU
		{155A76FB-CDDA-4B0D-9A46-AFABE6C5E05F}.Debug|Any CPU.ActiveCfg = Debug|Any CPU
		{155A76FB-CDDA-4B0D-9A46-AFABE6C5E05F}.Debug|Any CPU.Build.0 = Debug|Any CPU
		{155A76FB-CDDA-4B0D-9A46-AFABE6C5E05F}.Release|Any CPU.ActiveCfg = Release|Any CPU
		{155A76FB-CDDA-4B0D-9A46-AFABE6C5E05F}.Release|Any CPU.Build.0 = Release|Any CPU
	EndGlobalSection
	GlobalSection(SolutionProperties) = preSolution
		HideSolutionNode = FALSE
	EndGlobalSection
	GlobalSection(ExtensibilityGlobals) = postSolution
		SolutionGuid = {09BF2EDA-CE6F-4BA7-9815-0885EA23257D}
	EndGlobalSection
EndGlobal
